
Microsoft Visual Studio Solution File, Format Version 12.00
# Visual Studio 15
VisualStudioVersion = 15.0.28010.2046
MinimumVisualStudioVersion = 10.0.40219.1
Project("{FAE04EC0-301F-11D3-BF4B-00C04F79EFBC}") = "FacebookPractice", "TreeFromPreAndInOrder\FacebookPractice.csproj", "{39FF6C75-7E9E-446F-9533-9DBEA73177EE}"
EndProject
Global
	GlobalSection(SolutionConfigurationPlatforms) = preSolution
		Debug|Any CPU = Debug|Any CPU
		Release|Any CPU = Release|Any CPU
	EndGlobalSection
	GlobalSection(ProjectConfigurationPlatforms) = postSolution
		{39FF6C75-7E9E-446F-9533-9DBEA73177EE}.Debug|Any CPU.ActiveCfg = Debug|Any CPU
		{39FF6C75-7E9E-446F-9533-9DBEA73177EE}.Debug|Any CPU.Build.0 = Debug|Any CPU
		{39FF6C75-7E9E-446F-9533-9DBEA73177EE}.Release|Any CPU.ActiveCfg = Release|Any CPU
		{39FF6C75-7E9E-446F-9533-9DBEA73177EE}.Release|Any CPU.Build.0 = Release|Any CPU
	EndGlobalSection
	GlobalSection(SolutionProperties) = preSolution
		HideSolutionNode = FALSE
	EndGlobalSection
	GlobalSection(ExtensibilityGlobals) = postSolution
		SolutionGuid = {579CDF89-EE5D-44EA-A88F-1D7242848478}
	EndGlobalSection
EndGlobal
